
Microsoft Visual Studio Solution File, Format Version 12.00
# Visual Studio 14
VisualStudioVersion = 14.0.24720.0
MinimumVisualStudioVersion = 10.0.40219.1
Project("{FAE04EC0-301F-11D3-BF4B-00C04F79EFBC}") = "ServedWhiteNoodlesFlowingInSmallFlume", "ServedWhiteNoodlesFlowingInSmallFlume\ServedWhiteNoodlesFlowingInSmallFlume.csproj", "{0D10EE28-B7C6-407A-A377-3CB8084BA3CC}"
EndProject
Project("{FAE04EC0-301F-11D3-BF4B-00C04F79EFBC}") = "ServedWhiteNoodlesFlowingInSmallFlumeLibraries", "ServedWhiteNoodlesFlowingInSmallFlumeLibraries\ServedWhiteNoodlesFlowingInSmallFlumeLibraries.csproj", "{34DF7D70-CB49-439D-8D3D-42A53830A2EE}"
EndProject
Project("{F184B08F-C81C-45F6-A57F-5ABD9991F28F}") = "ServedWhiteNoodlesFlowingInSmallFlumeB", "ServedWhiteNoodlesFlowingInSmallFlumeB\ServedWhiteNoodlesFlowingInSmallFlumeB.vbproj", "{F8128C7C-3B60-4E4B-9801-55AB14CE725D}"
EndProject
Project("{FAE04EC0-301F-11D3-BF4B-00C04F79EFBC}") = "ServerHub", "ServerHub\ServerHub.csproj", "{CA1A0507-8D59-4879-BA69-25E73E2FDC76}"
EndProject
Project("{2150E333-8FDC-42A3-9474-1A3956D46DE8}") = "PublishScripts", "PublishScripts", "{4564F80E-3097-41EB-B6EA-33A8AD7060E1}"
EndProject
Project("{2150E333-8FDC-42A3-9474-1A3956D46DE8}") = "Scripts", "Scripts", "{4A525144-8F9A-4606-9CF5-5D2DAB209BFB}"
	ProjectSection(SolutionItems) = preProject
		PublishScripts\Scripts\Deploy-AzureResourceGroup.ps1 = PublishScripts\Scripts\Deploy-AzureResourceGroup.ps1
	EndProjectSection
EndProject
Project("{2150E333-8FDC-42A3-9474-1A3956D46DE8}") = "Templates", "Templates", "{2AC9C330-617C-42E5-9535-0926BFC6B876}"
	ProjectSection(SolutionItems) = preProject
		PublishScripts\Templates\ServerHub.json = PublishScripts\Templates\ServerHub.json
		PublishScripts\Templates\ServerHub.param.dev.json = PublishScripts\Templates\ServerHub.param.dev.json
	EndProjectSection
EndProject
Project("{FAE04EC0-301F-11D3-BF4B-00C04F79EFBC}") = "Server", "Server\Server.csproj", "{042A6B45-4A3C-4206-95D5-16FA2508CFD5}"
EndProject
Project("{FAE04EC0-301F-11D3-BF4B-00C04F79EFBC}") = "Server2", "Server2\Server2.csproj", "{50C36291-9039-4AC5-A214-ADD50D3CCEBA}"
EndProject
Project("{FAE04EC0-301F-11D3-BF4B-00C04F79EFBC}") = "Client", "Client\Client.csproj", "{0641AC56-9C84-40A3-B573-6B1D48F3D8E0}"
EndProject
Global
	GlobalSection(SolutionConfigurationPlatforms) = preSolution
		Debug|Any CPU = Debug|Any CPU
		Debug|ARM = Debug|ARM
		Debug|x64 = Debug|x64
		Debug|x86 = Debug|x86
		Release|Any CPU = Release|Any CPU
		Release|ARM = Release|ARM
		Release|x64 = Release|x64
		Release|x86 = Release|x86
	EndGlobalSection
	GlobalSection(ProjectConfigurationPlatforms) = postSolution
		{0D10EE28-B7C6-407A-A377-3CB8084BA3CC}.Debug|Any CPU.ActiveCfg = Debug|Any CPU
		{0D10EE28-B7C6-407A-A377-3CB8084BA3CC}.Debug|Any CPU.Build.0 = Debug|Any CPU
		{0D10EE28-B7C6-407A-A377-3CB8084BA3CC}.Debug|ARM.ActiveCfg = Debug|Any CPU
		{0D10EE28-B7C6-407A-A377-3CB8084BA3CC}.Debug|ARM.Build.0 = Debug|Any CPU
		{0D10EE28-B7C6-407A-A377-3CB8084BA3CC}.Debug|x64.ActiveCfg = Debug|Any CPU
		{0D10EE28-B7C6-407A-A377-3CB8084BA3CC}.Debug|x64.Build.0 = Debug|Any CPU
		{0D10EE28-B7C6-407A-A377-3CB8084BA3CC}.Debug|x86.ActiveCfg = Debug|Any CPU
		{0D10EE28-B7C6-407A-A377-3CB8084BA3CC}.Debug|x86.Build.0 = Debug|Any CPU
		{0D10EE28-B7C6-407A-A377-3CB8084BA3CC}.Release|Any CPU.ActiveCfg = Release|Any CPU
		{0D10EE28-B7C6-407A-A377-3CB8084BA3CC}.Release|Any CPU.Build.0 = Release|Any CPU
		{0D10EE28-B7C6-407A-A377-3CB8084BA3CC}.Release|ARM.ActiveCfg = Release|Any CPU
		{0D10EE28-B7C6-407A-A377-3CB8084BA3CC}.Release|ARM.Build.0 = Release|Any CPU
		{0D10EE28-B7C6-407A-A377-3CB8084BA3CC}.Release|x64.ActiveCfg = Release|Any CPU
		{0D10EE28-B7C6-407A-A377-3CB8084BA3CC}.Release|x64.Build.0 = Release|Any CPU
		{0D10EE28-B7C6-407A-A377-3CB8084BA3CC}.Release|x86.ActiveCfg = Release|Any CPU
		{0D10EE28-B7C6-407A-A377-3CB8084BA3CC}.Release|x86.Build.0 = Release|Any CPU
		{34DF7D70-CB49-439D-8D3D-42A53830A2EE}.Debug|Any CPU.ActiveCfg = Debug|Any CPU
		{34DF7D70-CB49-439D-8D3D-42A53830A2EE}.Debug|Any CPU.Build.0 = Debug|Any CPU
		{34DF7D70-CB49-439D-8D3D-42A53830A2EE}.Debug|ARM.ActiveCfg = Debug|Any CPU
		{34DF7D70-CB49-439D-8D3D-42A53830A2EE}.Debug|ARM.Build.0 = Debug|Any CPU
		{34DF7D70-CB49-439D-8D3D-42A53830A2EE}.Debug|x64.ActiveCfg = Debug|Any CPU
		{34DF7D70-CB49-439D-8D3D-42A53830A2EE}.Debug|x64.Build.0 = Debug|Any CPU
		{34DF7D70-CB49-439D-8D3D-42A53830A2EE}.Debug|x86.ActiveCfg = Debug|Any CPU
		{34DF7D70-CB49-439D-8D3D-42A53830A2EE}.Debug|x86.Build.0 = Debug|Any CPU
		{34DF7D70-CB49-439D-8D3D-42A53830A2EE}.Release|Any CPU.ActiveCfg = Release|Any CPU
		{34DF7D70-CB49-439D-8D3D-42A53830A2EE}.Release|Any CPU.Build.0 = Release|Any CPU
		{34DF7D70-CB49-439D-8D3D-42A53830A2EE}.Release|ARM.ActiveCfg = Release|Any CPU
		{34DF7D70-CB49-439D-8D3D-42A53830A2EE}.Release|ARM.Build.0 = Release|Any CPU
		{34DF7D70-CB49-439D-8D3D-42A53830A2EE}.Release|x64.ActiveCfg = Release|Any CPU
		{34DF7D70-CB49-439D-8D3D-42A53830A2EE}.Release|x64.Build.0 = Release|Any CPU
		{34DF7D70-CB49-439D-8D3D-42A53830A2EE}.Release|x86.ActiveCfg = Release|Any CPU
		{34DF7D70-CB49-439D-8D3D-42A53830A2EE}.Release|x86.Build.0 = Release|Any CPU
		{F8128C7C-3B60-4E4B-9801-55AB14CE725D}.Debug|Any CPU.ActiveCfg = Debug|Any CPU
		{F8128C7C-3B60-4E4B-9801-55AB14CE725D}.Debug|Any CPU.Build.0 = Debug|Any CPU
		{F8128C7C-3B60-4E4B-9801-55AB14CE725D}.Debug|ARM.ActiveCfg = Debug|Any CPU
		{F8128C7C-3B60-4E4B-9801-55AB14CE725D}.Debug|ARM.Build.0 = Debug|Any CPU
		{F8128C7C-3B60-4E4B-9801-55AB14CE725D}.Debug|x64.ActiveCfg = Debug|Any CPU
		{F8128C7C-3B60-4E4B-9801-55AB14CE725D}.Debug|x64.Build.0 = Debug|Any CPU
		{F8128C7C-3B60-4E4B-9801-55AB14CE725D}.Debug|x86.ActiveCfg = Debug|Any CPU
		{F8128C7C-3B60-4E4B-9801-55AB14CE725D}.Debug|x86.Build.0 = Debug|Any CPU
		{F8128C7C-3B60-4E4B-9801-55AB14CE725D}.Release|Any CPU.ActiveCfg = Release|Any CPU
		{F8128C7C-3B60-4E4B-9801-55AB14CE725D}.Release|Any CPU.Build.0 = Release|Any CPU
		{F8128C7C-3B60-4E4B-9801-55AB14CE725D}.Release|ARM.ActiveCfg = Release|Any CPU
		{F8128C7C-3B60-4E4B-9801-55AB14CE725D}.Release|ARM.Build.0 = Release|Any CPU
		{F8128C7C-3B60-4E4B-9801-55AB14CE725D}.Release|x64.ActiveCfg = Release|Any CPU
		{F8128C7C-3B60-4E4B-9801-55AB14CE725D}.Release|x64.Build.0 = Release|Any CPU
		{F8128C7C-3B60-4E4B-9801-55AB14CE725D}.Release|x86.ActiveCfg = Release|Any CPU
		{F8128C7C-3B60-4E4B-9801-55AB14CE725D}.Release|x86.Build.0 = Release|Any CPU
		{CA1A0507-8D59-4879-BA69-25E73E2FDC76}.Debug|Any CPU.ActiveCfg = Debug|Any CPU
		{CA1A0507-8D59-4879-BA69-25E73E2FDC76}.Debug|Any CPU.Build.0 = Debug|Any CPU
		{CA1A0507-8D59-4879-BA69-25E73E2FDC76}.Debug|ARM.ActiveCfg = Debug|Any CPU
		{CA1A0507-8D59-4879-BA69-25E73E2FDC76}.Debug|ARM.Build.0 = Debug|Any CPU
		{CA1A0507-8D59-4879-BA69-25E73E2FDC76}.Debug|x64.ActiveCfg = Debug|Any CPU
		{CA1A0507-8D59-4879-BA69-25E73E2FDC76}.Debug|x64.Build.0 = Debug|Any CPU
		{CA1A0507-8D59-4879-BA69-25E73E2FDC76}.Debug|x86.ActiveCfg = Debug|Any CPU
		{CA1A0507-8D59-4879-BA69-25E73E2FDC76}.Debug|x86.Build.0 = Debug|Any CPU
		{CA1A0507-8D59-4879-BA69-25E73E2FDC76}.Release|Any CPU.ActiveCfg = Release|Any CPU
		{CA1A0507-8D59-4879-BA69-25E73E2FDC76}.Release|Any CPU.Build.0 = Release|Any CPU
		{CA1A0507-8D59-4879-BA69-25E73E2FDC76}.Release|ARM.ActiveCfg = Release|Any CPU
		{CA1A0507-8D59-4879-BA69-25E73E2FDC76}.Release|ARM.Build.0 = Release|Any CPU
		{CA1A0507-8D59-4879-BA69-25E73E2FDC76}.Release|x64.ActiveCfg = Release|Any CPU
		{CA1A0507-8D59-4879-BA69-25E73E2FDC76}.Release|x64.Build.0 = Release|Any CPU
		{CA1A0507-8D59-4879-BA69-25E73E2FDC76}.Release|x86.ActiveCfg = Release|Any CPU
		{CA1A0507-8D59-4879-BA69-25E73E2FDC76}.Release|x86.Build.0 = Release|Any CPU
		{042A6B45-4A3C-4206-95D5-16FA2508CFD5}.Debug|Any CPU.ActiveCfg = Debug|x86
		{042A6B45-4A3C-4206-95D5-16FA2508CFD5}.Debug|ARM.ActiveCfg = Debug|ARM
		{042A6B45-4A3C-4206-95D5-16FA2508CFD5}.Debug|ARM.Build.0 = Debug|ARM
		{042A6B45-4A3C-4206-95D5-16FA2508CFD5}.Debug|ARM.Deploy.0 = Debug|ARM
		{042A6B45-4A3C-4206-95D5-16FA2508CFD5}.Debug|x64.ActiveCfg = Debug|x64
		{042A6B45-4A3C-4206-95D5-16FA2508CFD5}.Debug|x64.Build.0 = Debug|x64
		{042A6B45-4A3C-4206-95D5-16FA2508CFD5}.Debug|x64.Deploy.0 = Debug|x64
		{042A6B45-4A3C-4206-95D5-16FA2508CFD5}.Debug|x86.ActiveCfg = Debug|x86
		{042A6B45-4A3C-4206-95D5-16FA2508CFD5}.Debug|x86.Build.0 = Debug|x86
		{042A6B45-4A3C-4206-95D5-16FA2508CFD5}.Debug|x86.Deploy.0 = Debug|x86
		{042A6B45-4A3C-4206-95D5-16FA2508CFD5}.Release|Any CPU.ActiveCfg = Release|x86
		{042A6B45-4A3C-4206-95D5-16FA2508CFD5}.Release|ARM.ActiveCfg = Release|ARM
		{042A6B45-4A3C-4206-95D5-16FA2508CFD5}.Release|ARM.Build.0 = Release|ARM
		{042A6B45-4A3C-4206-95D5-16FA2508CFD5}.Release|ARM.Deploy.0 = Release|ARM
		{042A6B45-4A3C-4206-95D5-16FA2508CFD5}.Release|x64.ActiveCfg = Release|x64
		{042A6B45-4A3C-4206-95D5-16FA2508CFD5}.Release|x64.Build.0 = Release|x64
		{042A6B45-4A3C-4206-95D5-16FA2508CFD5}.Release|x64.Deploy.0 = Release|x64
		{042A6B45-4A3C-4206-95D5-16FA2508CFD5}.Release|x86.ActiveCfg = Release|x86
		{042A6B45-4A3C-4206-95D5-16FA2508CFD5}.Release|x86.Build.0 = Release|x86
		{042A6B45-4A3C-4206-95D5-16FA2508CFD5}.Release|x86.Deploy.0 = Release|x86
		{50C36291-9039-4AC5-A214-ADD50D3CCEBA}.Debug|Any CPU.ActiveCfg = Debug|Any CPU
		{50C36291-9039-4AC5-A214-ADD50D3CCEBA}.Debug|Any CPU.Build.0 = Debug|Any CPU
		{50C36291-9039-4AC5-A214-ADD50D3CCEBA}.Debug|ARM.ActiveCfg = Debug|Any CPU
		{50C36291-9039-4AC5-A214-ADD50D3CCEBA}.Debug|ARM.Build.0 = Debug|Any CPU
		{50C36291-9039-4AC5-A214-ADD50D3CCEBA}.Debug|x64.ActiveCfg = Debug|Any CPU
		{50C36291-9039-4AC5-A214-ADD50D3CCEBA}.Debug|x64.Build.0 = Debug|Any CPU
		{50C36291-9039-4AC5-A214-ADD50D3CCEBA}.Debug|x86.ActiveCfg = Debug|Any CPU
		{50C36291-9039-4AC5-A214-ADD50D3CCEBA}.Debug|x86.Build.0 = Debug|Any CPU
		{50C36291-9039-4AC5-A214-ADD50D3CCEBA}.Release|Any CPU.ActiveCfg = Release|Any CPU
		{50C36291-9039-4AC5-A214-ADD50D3CCEBA}.Release|Any CPU.Build.0 = Release|Any CPU
		{50C36291-9039-4AC5-A214-ADD50D3CCEBA}.Release|ARM.ActiveCfg = Release|Any CPU
		{50C36291-9039-4AC5-A214-ADD50D3CCEBA}.Release|ARM.Build.0 = Release|Any CPU
		{50C36291-9039-4AC5-A214-ADD50D3CCEBA}.Release|x64.ActiveCfg = Release|Any CPU
		{50C36291-9039-4AC5-A214-ADD50D3CCEBA}.Release|x64.Build.0 = Release|Any CPU
		{50C36291-9039-4AC5-A214-ADD50D3CCEBA}.Release|x86.ActiveCfg = Release|Any CPU
		{50C36291-9039-4AC5-A214-ADD50D3CCEBA}.Release|x86.Build.0 = Release|Any CPU
		{0641AC56-9C84-40A3-B573-6B1D48F3D8E0}.Debug|Any CPU.ActiveCfg = Debug|Any CPU
		{0641AC56-9C84-40A3-B573-6B1D48F3D8E0}.Debug|Any CPU.Build.0 = Debug|Any CPU
		{0641AC56-9C84-40A3-B573-6B1D48F3D8E0}.Debug|ARM.ActiveCfg = Debug|Any CPU
		{0641AC56-9C84-40A3-B573-6B1D48F3D8E0}.Debug|ARM.Build.0 = Debug|Any CPU
		{0641AC56-9C84-40A3-B573-6B1D48F3D8E0}.Debug|x64.ActiveCfg = Debug|Any CPU
		{0641AC56-9C84-40A3-B573-6B1D48F3D8E0}.Debug|x64.Build.0 = Debug|Any CPU
		{0641AC56-9C84-40A3-B573-6B1D48F3D8E0}.Debug|x86.ActiveCfg = Debug|Any CPU
		{0641AC56-9C84-40A3-B573-6B1D48F3D8E0}.Debug|x86.Build.0 = Debug|Any CPU
		{0641AC56-9C84-40A3-B573-6B1D48F3D8E0}.Release|Any CPU.ActiveCfg = Release|Any CPU
		{0641AC56-9C84-40A3-B573-6B1D48F3D8E0}.Release|Any CPU.Build.0 = Release|Any CPU
		{0641AC56-9C84-40A3-B573-6B1D48F3D8E0}.Release|ARM.ActiveCfg = Release|Any CPU
		{0641AC56-9C84-40A3-B573-6B1D48F3D8E0}.Release|ARM.Build.0 = Release|Any CPU
		{0641AC56-9C84-40A3-B573-6B1D48F3D8E0}.Release|x64.ActiveCfg = Release|Any CPU
		{0641AC56-9C84-40A3-B573-6B1D48F3D8E0}.Release|x64.Build.0 = Release|Any CPU
		{0641AC56-9C84-40A3-B573-6B1D48F3D8E0}.Release|x86.ActiveCfg = Release|Any CPU
		{0641AC56-9C84-40A3-B573-6B1D48F3D8E0}.Release|x86.Build.0 = Release|Any CPU
	EndGlobalSection
	GlobalSection(SolutionProperties) = preSolution
		HideSolutionNode = FALSE
	EndGlobalSection
	GlobalSection(NestedProjects) = preSolution
		{4A525144-8F9A-4606-9CF5-5D2DAB209BFB} = {4564F80E-3097-41EB-B6EA-33A8AD7060E1}
		{2AC9C330-617C-42E5-9535-0926BFC6B876} = {4564F80E-3097-41EB-B6EA-33A8AD7060E1}
	EndGlobalSection
EndGlobal
